
Microsoft Visual Studio Solution File, Format Version 12.00
# Visual Studio 15
VisualStudioVersion = 15.0.26124.0
MinimumVisualStudioVersion = 15.0.26124.0
Project("{FAE04EC0-301F-11D3-BF4B-00C04F79EFBC}") = "AirPlane.Back.Api", "AirPlane.Back.Api\AirPlane.Back.Api.csproj", "{4D62C859-6BBD-4321-9205-6F5561A04644}"
EndProject
Project("{FAE04EC0-301F-11D3-BF4B-00C04F79EFBC}") = "AirPlane.Back.Infrastructure", "AirPlane.Back.Infrastructure\AirPlane.Back.Infrastructure.csproj", "{B2C905E0-3EF4-49B8-93BC-EDE68904422E}"
EndProject
Project("{FAE04EC0-301F-11D3-BF4B-00C04F79EFBC}") = "AirPlane.Back.Application", "AirPlane.Back.Application\AirPlane.Back.Application.csproj", "{B5E2DCC7-C5F3-49CE-9B51-DA74B9CAEA9D}"
EndProject
Project("{FAE04EC0-301F-11D3-BF4B-00C04F79EFBC}") = "AirPlane.Back.Core", "AirPlane.Back.Core\AirPlane.Back.Core.csproj", "{7255B3FA-4C53-47B9-85A7-B4EDE2E66F5C}"
EndProject
Global
	GlobalSection(SolutionConfigurationPlatforms) = preSolution
		Debug|Any CPU = Debug|Any CPU
		Debug|x64 = Debug|x64
		Debug|x86 = Debug|x86
		Release|Any CPU = Release|Any CPU
		Release|x64 = Release|x64
		Release|x86 = Release|x86
	EndGlobalSection
	GlobalSection(SolutionProperties) = preSolution
		HideSolutionNode = FALSE
	EndGlobalSection
	GlobalSection(ProjectConfigurationPlatforms) = postSolution
		{4D62C859-6BBD-4321-9205-6F5561A04644}.Debug|Any CPU.ActiveCfg = Debug|Any CPU
		{4D62C859-6BBD-4321-9205-6F5561A04644}.Debug|Any CPU.Build.0 = Debug|Any CPU
		{4D62C859-6BBD-4321-9205-6F5561A04644}.Debug|x64.ActiveCfg = Debug|Any CPU
		{4D62C859-6BBD-4321-9205-6F5561A04644}.Debug|x64.Build.0 = Debug|Any CPU
		{4D62C859-6BBD-4321-9205-6F5561A04644}.Debug|x86.ActiveCfg = Debug|Any CPU
		{4D62C859-6BBD-4321-9205-6F5561A04644}.Debug|x86.Build.0 = Debug|Any CPU
		{4D62C859-6BBD-4321-9205-6F5561A04644}.Release|Any CPU.ActiveCfg = Release|Any CPU
		{4D62C859-6BBD-4321-9205-6F5561A04644}.Release|Any CPU.Build.0 = Release|Any CPU
		{4D62C859-6BBD-4321-9205-6F5561A04644}.Release|x64.ActiveCfg = Release|Any CPU
		{4D62C859-6BBD-4321-9205-6F5561A04644}.Release|x64.Build.0 = Release|Any CPU
		{4D62C859-6BBD-4321-9205-6F5561A04644}.Release|x86.ActiveCfg = Release|Any CPU
		{4D62C859-6BBD-4321-9205-6F5561A04644}.Release|x86.Build.0 = Release|Any CPU
		{B2C905E0-3EF4-49B8-93BC-EDE68904422E}.Debug|Any CPU.ActiveCfg = Debug|Any CPU
		{B2C905E0-3EF4-49B8-93BC-EDE68904422E}.Debug|Any CPU.Build.0 = Debug|Any CPU
		{B2C905E0-3EF4-49B8-93BC-EDE68904422E}.Debug|x64.ActiveCfg = Debug|Any CPU
		{B2C905E0-3EF4-49B8-93BC-EDE68904422E}.Debug|x64.Build.0 = Debug|Any CPU
		{B2C905E0-3EF4-49B8-93BC-EDE68904422E}.Debug|x86.ActiveCfg = Debug|Any CPU
		{B2C905E0-3EF4-49B8-93BC-EDE68904422E}.Debug|x86.Build.0 = Debug|Any CPU
		{B2C905E0-3EF4-49B8-93BC-EDE68904422E}.Release|Any CPU.ActiveCfg = Release|Any CPU
		{B2C905E0-3EF4-49B8-93BC-EDE68904422E}.Release|Any CPU.Build.0 = Release|Any CPU
		{B2C905E0-3EF4-49B8-93BC-EDE68904422E}.Release|x64.ActiveCfg = Release|Any CPU
		{B2C905E0-3EF4-49B8-93BC-EDE68904422E}.Release|x64.Build.0 = Release|Any CPU
		{B2C905E0-3EF4-49B8-93BC-EDE68904422E}.Release|x86.ActiveCfg = Release|Any CPU
		{B2C905E0-3EF4-49B8-93BC-EDE68904422E}.Release|x86.Build.0 = Release|Any CPU
		{B5E2DCC7-C5F3-49CE-9B51-DA74B9CAEA9D}.Debug|Any CPU.ActiveCfg = Debug|Any CPU
		{B5E2DCC7-C5F3-49CE-9B51-DA74B9CAEA9D}.Debug|Any CPU.Build.0 = Debug|Any CPU
		{B5E2DCC7-C5F3-49CE-9B51-DA74B9CAEA9D}.Debug|x64.ActiveCfg = Debug|Any CPU
		{B5E2DCC7-C5F3-49CE-9B51-DA74B9CAEA9D}.Debug|x64.Build.0 = Debug|Any CPU
		{B5E2DCC7-C5F3-49CE-9B51-DA74B9CAEA9D}.Debug|x86.ActiveCfg = Debug|Any CPU
		{B5E2DCC7-C5F3-49CE-9B51-DA74B9CAEA9D}.Debug|x86.Build.0 = Debug|Any CPU
		{B5E2DCC7-C5F3-49CE-9B51-DA74B9CAEA9D}.Release|Any CPU.ActiveCfg = Release|Any CPU
		{B5E2DCC7-C5F3-49CE-9B51-DA74B9CAEA9D}.Release|Any CPU.Build.0 = Release|Any CPU
		{B5E2DCC7-C5F3-49CE-9B51-DA74B9CAEA9D}.Release|x64.ActiveCfg = Release|Any CPU
		{B5E2DCC7-C5F3-49CE-9B51-DA74B9CAEA9D}.Release|x64.Build.0 = Release|Any CPU
		{B5E2DCC7-C5F3-49CE-9B51-DA74B9CAEA9D}.Release|x86.ActiveCfg = Release|Any CPU
		{B5E2DCC7-C5F3-49CE-9B51-DA74B9CAEA9D}.Release|x86.Build.0 = Release|Any CPU
		{7255B3FA-4C53-47B9-85A7-B4EDE2E66F5C}.Debug|Any CPU.ActiveCfg = Debug|Any CPU
		{7255B3FA-4C53-47B9-85A7-B4EDE2E66F5C}.Debug|Any CPU.Build.0 = Debug|Any CPU
		{7255B3FA-4C53-47B9-85A7-B4EDE2E66F5C}.Debug|x64.ActiveCfg = Debug|Any CPU
		{7255B3FA-4C53-47B9-85A7-B4EDE2E66F5C}.Debug|x64.Build.0 = Debug|Any CPU
		{7255B3FA-4C53-47B9-85A7-B4EDE2E66F5C}.Debug|x86.ActiveCfg = Debug|Any CPU
		{7255B3FA-4C53-47B9-85A7-B4EDE2E66F5C}.Debug|x86.Build.0 = Debug|Any CPU
		{7255B3FA-4C53-47B9-85A7-B4EDE2E66F5C}.Release|Any CPU.ActiveCfg = Release|Any CPU
		{7255B3FA-4C53-47B9-85A7-B4EDE2E66F5C}.Release|Any CPU.Build.0 = Release|Any CPU
		{7255B3FA-4C53-47B9-85A7-B4EDE2E66F5C}.Release|x64.ActiveCfg = Release|Any CPU
		{7255B3FA-4C53-47B9-85A7-B4EDE2E66F5C}.Release|x64.Build.0 = Release|Any CPU
		{7255B3FA-4C53-47B9-85A7-B4EDE2E66F5C}.Release|x86.ActiveCfg = Release|Any CPU
		{7255B3FA-4C53-47B9-85A7-B4EDE2E66F5C}.Release|x86.Build.0 = Release|Any CPU
	EndGlobalSection
EndGlobal
